
Microsoft Visual Studio Solution File, Format Version 12.00
# Visual Studio 14
VisualStudioVersion = 14.0.23107.0
MinimumVisualStudioVersion = 10.0.40219.1
Project("{FAE04EC0-301F-11D3-BF4B-00C04F79EFBC}") = "Veggerby.Boards.Core.Contracts", "Veggerby.Boards.Core.Contracts\Veggerby.Boards.Core.Contracts.csproj", "{BDB91689-2E82-4859-8924-B76C991DD966}"
EndProject
Project("{FAE04EC0-301F-11D3-BF4B-00C04F79EFBC}") = "Veggerby.Boards.Tests", "Veggerby.Boards.Tests\Veggerby.Boards.Tests.csproj", "{6FE3D0CC-8C9D-4CD3-8808-640BDBD1DDBE}"
EndProject
Project("{FAE04EC0-301F-11D3-BF4B-00C04F79EFBC}") = "Veggerby.Boards.Core.Services", "Veggerby.Boards.Core.Services\Veggerby.Boards.Core.Services.csproj", "{03CA2B55-5579-4D0A-A945-B3239B56B7F7}"
EndProject
Project("{FAE04EC0-301F-11D3-BF4B-00C04F79EFBC}") = "Veggerby.Boards.Core.Persistence.Static", "Veggerby.Boards.Core.Persistence.Static\Veggerby.Boards.Core.Persistence.Static.csproj", "{E1122B2C-8FCA-49EA-A6F0-C3FFCDBD0D1E}"
EndProject
Project("{FAE04EC0-301F-11D3-BF4B-00C04F79EFBC}") = "Veggerby.Boards.Core.Contracts.Builders", "Veggerby.Boards.Core.Contracts.Builders\Veggerby.Boards.Core.Contracts.Builders.csproj", "{A7346B11-AE74-485A-8604-6A276D1C3346}"
EndProject
Global
	GlobalSection(SolutionConfigurationPlatforms) = preSolution
		Debug|Any CPU = Debug|Any CPU
		Release|Any CPU = Release|Any CPU
	EndGlobalSection
	GlobalSection(ProjectConfigurationPlatforms) = postSolution
		{BDB91689-2E82-4859-8924-B76C991DD966}.Debug|Any CPU.ActiveCfg = Debug|Any CPU
		{BDB91689-2E82-4859-8924-B76C991DD966}.Debug|Any CPU.Build.0 = Debug|Any CPU
		{BDB91689-2E82-4859-8924-B76C991DD966}.Release|Any CPU.ActiveCfg = Release|Any CPU
		{BDB91689-2E82-4859-8924-B76C991DD966}.Release|Any CPU.Build.0 = Release|Any CPU
		{6FE3D0CC-8C9D-4CD3-8808-640BDBD1DDBE}.Debug|Any CPU.ActiveCfg = Debug|Any CPU
		{6FE3D0CC-8C9D-4CD3-8808-640BDBD1DDBE}.Debug|Any CPU.Build.0 = Debug|Any CPU
		{6FE3D0CC-8C9D-4CD3-8808-640BDBD1DDBE}.Release|Any CPU.ActiveCfg = Release|Any CPU
		{6FE3D0CC-8C9D-4CD3-8808-640BDBD1DDBE}.Release|Any CPU.Build.0 = Release|Any CPU
		{03CA2B55-5579-4D0A-A945-B3239B56B7F7}.Debug|Any CPU.ActiveCfg = Debug|Any CPU
		{03CA2B55-5579-4D0A-A945-B3239B56B7F7}.Debug|Any CPU.Build.0 = Debug|Any CPU
		{03CA2B55-5579-4D0A-A945-B3239B56B7F7}.Release|Any CPU.ActiveCfg = Release|Any CPU
		{03CA2B55-5579-4D0A-A945-B3239B56B7F7}.Release|Any CPU.Build.0 = Release|Any CPU
		{E1122B2C-8FCA-49EA-A6F0-C3FFCDBD0D1E}.Debug|Any CPU.ActiveCfg = Debug|Any CPU
		{E1122B2C-8FCA-49EA-A6F0-C3FFCDBD0D1E}.Debug|Any CPU.Build.0 = Debug|Any CPU
		{E1122B2C-8FCA-49EA-A6F0-C3FFCDBD0D1E}.Release|Any CPU.ActiveCfg = Release|Any CPU
		{E1122B2C-8FCA-49EA-A6F0-C3FFCDBD0D1E}.Release|Any CPU.Build.0 = Release|Any CPU
		{A7346B11-AE74-485A-8604-6A276D1C3346}.Debug|Any CPU.ActiveCfg = Debug|Any CPU
		{A7346B11-AE74-485A-8604-6A276D1C3346}.Debug|Any CPU.Build.0 = Debug|Any CPU
		{A7346B11-AE74-485A-8604-6A276D1C3346}.Release|Any CPU.ActiveCfg = Release|Any CPU
		{A7346B11-AE74-485A-8604-6A276D1C3346}.Release|Any CPU.Build.0 = Release|Any CPU
	EndGlobalSection
	GlobalSection(SolutionProperties) = preSolution
		HideSolutionNode = FALSE
	EndGlobalSection
EndGlobal
