
Microsoft Visual Studio Solution File, Format Version 12.00
# Visual Studio Version 17
VisualStudioVersion = 17.0.31903.59
MinimumVisualStudioVersion = 10.0.40219.1
Project("{2150E333-8FDC-42A3-9474-1A3956D46DE8}") = "src", "src", "{BC741A71-537D-4C6E-8A36-00F6B6DC9DEF}"
EndProject
Project("{FAE04EC0-301F-11D3-BF4B-00C04F79EFBC}") = "Veggerby.Boards", "src\Veggerby.Boards\Veggerby.Boards.csproj", "{0060BA96-2330-469D-B76E-8D6AE5DBE609}"
EndProject
Project("{FAE04EC0-301F-11D3-BF4B-00C04F79EFBC}") = "Veggerby.Boards.Backgammon", "src\Veggerby.Boards.Backgammon\Veggerby.Boards.Backgammon.csproj", "{89CB8ACA-99D2-44A7-A22A-610DC2986C53}"
EndProject
Project("{FAE04EC0-301F-11D3-BF4B-00C04F79EFBC}") = "Veggerby.Boards.Chess", "src\Veggerby.Boards.Chess\Veggerby.Boards.Chess.csproj", "{94F6E1A6-EF77-4DCE-BD80-685F0EA2A531}"
EndProject
Project("{2150E333-8FDC-42A3-9474-1A3956D46DE8}") = "test", "test", "{317DE7D7-A7DF-4AC8-93C4-61D4D22B06DC}"
EndProject
Project("{FAE04EC0-301F-11D3-BF4B-00C04F79EFBC}") = "Veggerby.Boards.Tests", "test\Veggerby.Boards.Tests\Veggerby.Boards.Tests.csproj", "{9697BE28-657F-4E8E-B75A-EB7558A86562}"
EndProject
Project("{FAE04EC0-301F-11D3-BF4B-00C04F79EFBC}") = "Veggerby.Boards.PropertyTests", "test\Veggerby.Boards.PropertyTests\Veggerby.Boards.PropertyTests.csproj", "{8968F703-4394-42FA-9D60-20656B6206E8}"
EndProject
Project("{2150E333-8FDC-42A3-9474-1A3956D46DE8}") = "benchmarks", "benchmarks", "{66320409-64EC-F7C5-3DEF-65E7510DAAD1}"
EndProject
Project("{FAE04EC0-301F-11D3-BF4B-00C04F79EFBC}") = "Veggerby.Boards.Benchmarks", "benchmarks\Veggerby.Boards.Benchmarks.csproj", "{C591BE5E-73D9-4889-B6CC-0E51C4610854}"
EndProject
Project("{2150E333-8FDC-42A3-9474-1A3956D46DE8}") = "samples", "samples", "{5D20AA90-6969-D8BD-9DCD-8634F4692FDA}"
EndProject
Project("{FAE04EC0-301F-11D3-BF4B-00C04F79EFBC}") = "SimulationDemo", "samples\SimulationDemo\SimulationDemo.csproj", "{CBD5C0E5-1E9B-4F17-A568-808A9ABE54E8}"
EndProject
Project("{FAE04EC0-301F-11D3-BF4B-00C04F79EFBC}") = "Veggerby.Boards.Go", "src\Veggerby.Boards.Go\Veggerby.Boards.Go.csproj", "{9AE4682C-FDD6-42E9-AB49-AA87DD21B2F5}"
EndProject
Project("{FAE04EC0-301F-11D3-BF4B-00C04F79EFBC}") = "Veggerby.Boards.Cards", "src\Veggerby.Boards.Cards\Veggerby.Boards.Cards.csproj", "{7C5503A6-7F9A-4F96-8F58-3F8B9A2C2B9C}"
EndProject
Global
	GlobalSection(SolutionConfigurationPlatforms) = preSolution
		Debug|Any CPU = Debug|Any CPU
		Debug|x64 = Debug|x64
		Debug|x86 = Debug|x86
		Release|Any CPU = Release|Any CPU
		Release|x64 = Release|x64
		Release|x86 = Release|x86
	EndGlobalSection
	GlobalSection(ProjectConfigurationPlatforms) = postSolution
		{0060BA96-2330-469D-B76E-8D6AE5DBE609}.Debug|Any CPU.ActiveCfg = Debug|Any CPU
		{0060BA96-2330-469D-B76E-8D6AE5DBE609}.Debug|Any CPU.Build.0 = Debug|Any CPU
		{0060BA96-2330-469D-B76E-8D6AE5DBE609}.Debug|x64.ActiveCfg = Debug|Any CPU
		{0060BA96-2330-469D-B76E-8D6AE5DBE609}.Debug|x64.Build.0 = Debug|Any CPU
		{0060BA96-2330-469D-B76E-8D6AE5DBE609}.Debug|x86.ActiveCfg = Debug|Any CPU
		{0060BA96-2330-469D-B76E-8D6AE5DBE609}.Debug|x86.Build.0 = Debug|Any CPU
		{0060BA96-2330-469D-B76E-8D6AE5DBE609}.Release|Any CPU.ActiveCfg = Release|Any CPU
		{0060BA96-2330-469D-B76E-8D6AE5DBE609}.Release|Any CPU.Build.0 = Release|Any CPU
		{0060BA96-2330-469D-B76E-8D6AE5DBE609}.Release|x64.ActiveCfg = Release|Any CPU
		{0060BA96-2330-469D-B76E-8D6AE5DBE609}.Release|x64.Build.0 = Release|Any CPU
		{0060BA96-2330-469D-B76E-8D6AE5DBE609}.Release|x86.ActiveCfg = Release|Any CPU
		{0060BA96-2330-469D-B76E-8D6AE5DBE609}.Release|x86.Build.0 = Release|Any CPU
		{89CB8ACA-99D2-44A7-A22A-610DC2986C53}.Debug|Any CPU.ActiveCfg = Debug|Any CPU
		{89CB8ACA-99D2-44A7-A22A-610DC2986C53}.Debug|Any CPU.Build.0 = Debug|Any CPU
		{89CB8ACA-99D2-44A7-A22A-610DC2986C53}.Debug|x64.ActiveCfg = Debug|Any CPU
		{89CB8ACA-99D2-44A7-A22A-610DC2986C53}.Debug|x64.Build.0 = Debug|Any CPU
		{89CB8ACA-99D2-44A7-A22A-610DC2986C53}.Debug|x86.ActiveCfg = Debug|Any CPU
		{89CB8ACA-99D2-44A7-A22A-610DC2986C53}.Debug|x86.Build.0 = Debug|Any CPU
		{89CB8ACA-99D2-44A7-A22A-610DC2986C53}.Release|Any CPU.ActiveCfg = Release|Any CPU
		{89CB8ACA-99D2-44A7-A22A-610DC2986C53}.Release|Any CPU.Build.0 = Release|Any CPU
		{89CB8ACA-99D2-44A7-A22A-610DC2986C53}.Release|x64.ActiveCfg = Release|Any CPU
		{89CB8ACA-99D2-44A7-A22A-610DC2986C53}.Release|x64.Build.0 = Release|Any CPU
		{89CB8ACA-99D2-44A7-A22A-610DC2986C53}.Release|x86.ActiveCfg = Release|Any CPU
		{89CB8ACA-99D2-44A7-A22A-610DC2986C53}.Release|x86.Build.0 = Release|Any CPU
		{94F6E1A6-EF77-4DCE-BD80-685F0EA2A531}.Debug|Any CPU.ActiveCfg = Debug|Any CPU
		{94F6E1A6-EF77-4DCE-BD80-685F0EA2A531}.Debug|Any CPU.Build.0 = Debug|Any CPU
		{94F6E1A6-EF77-4DCE-BD80-685F0EA2A531}.Debug|x64.ActiveCfg = Debug|Any CPU
		{94F6E1A6-EF77-4DCE-BD80-685F0EA2A531}.Debug|x64.Build.0 = Debug|Any CPU
		{94F6E1A6-EF77-4DCE-BD80-685F0EA2A531}.Debug|x86.ActiveCfg = Debug|Any CPU
		{94F6E1A6-EF77-4DCE-BD80-685F0EA2A531}.Debug|x86.Build.0 = Debug|Any CPU
		{94F6E1A6-EF77-4DCE-BD80-685F0EA2A531}.Release|Any CPU.ActiveCfg = Release|Any CPU
		{94F6E1A6-EF77-4DCE-BD80-685F0EA2A531}.Release|Any CPU.Build.0 = Release|Any CPU
		{94F6E1A6-EF77-4DCE-BD80-685F0EA2A531}.Release|x64.ActiveCfg = Release|Any CPU
		{94F6E1A6-EF77-4DCE-BD80-685F0EA2A531}.Release|x64.Build.0 = Release|Any CPU
		{94F6E1A6-EF77-4DCE-BD80-685F0EA2A531}.Release|x86.ActiveCfg = Release|Any CPU
		{94F6E1A6-EF77-4DCE-BD80-685F0EA2A531}.Release|x86.Build.0 = Release|Any CPU
		{9697BE28-657F-4E8E-B75A-EB7558A86562}.Debug|Any CPU.ActiveCfg = Debug|Any CPU
		{9697BE28-657F-4E8E-B75A-EB7558A86562}.Debug|Any CPU.Build.0 = Debug|Any CPU
		{9697BE28-657F-4E8E-B75A-EB7558A86562}.Debug|x64.ActiveCfg = Debug|Any CPU
		{9697BE28-657F-4E8E-B75A-EB7558A86562}.Debug|x64.Build.0 = Debug|Any CPU
		{9697BE28-657F-4E8E-B75A-EB7558A86562}.Debug|x86.ActiveCfg = Debug|Any CPU
		{9697BE28-657F-4E8E-B75A-EB7558A86562}.Debug|x86.Build.0 = Debug|Any CPU
		{9697BE28-657F-4E8E-B75A-EB7558A86562}.Release|Any CPU.ActiveCfg = Release|Any CPU
		{9697BE28-657F-4E8E-B75A-EB7558A86562}.Release|Any CPU.Build.0 = Release|Any CPU
		{9697BE28-657F-4E8E-B75A-EB7558A86562}.Release|x64.ActiveCfg = Release|Any CPU
		{9697BE28-657F-4E8E-B75A-EB7558A86562}.Release|x64.Build.0 = Release|Any CPU
		{9697BE28-657F-4E8E-B75A-EB7558A86562}.Release|x86.ActiveCfg = Release|Any CPU
		{9697BE28-657F-4E8E-B75A-EB7558A86562}.Release|x86.Build.0 = Release|Any CPU
		{8968F703-4394-42FA-9D60-20656B6206E8}.Debug|Any CPU.ActiveCfg = Debug|Any CPU
		{8968F703-4394-42FA-9D60-20656B6206E8}.Debug|Any CPU.Build.0 = Debug|Any CPU
		{8968F703-4394-42FA-9D60-20656B6206E8}.Debug|x64.ActiveCfg = Debug|Any CPU
		{8968F703-4394-42FA-9D60-20656B6206E8}.Debug|x64.Build.0 = Debug|Any CPU
		{8968F703-4394-42FA-9D60-20656B6206E8}.Debug|x86.ActiveCfg = Debug|Any CPU
		{8968F703-4394-42FA-9D60-20656B6206E8}.Debug|x86.Build.0 = Debug|Any CPU
		{8968F703-4394-42FA-9D60-20656B6206E8}.Release|Any CPU.ActiveCfg = Release|Any CPU
		{8968F703-4394-42FA-9D60-20656B6206E8}.Release|Any CPU.Build.0 = Release|Any CPU
		{8968F703-4394-42FA-9D60-20656B6206E8}.Release|x64.ActiveCfg = Release|Any CPU
		{8968F703-4394-42FA-9D60-20656B6206E8}.Release|x64.Build.0 = Release|Any CPU
		{8968F703-4394-42FA-9D60-20656B6206E8}.Release|x86.ActiveCfg = Release|Any CPU
		{8968F703-4394-42FA-9D60-20656B6206E8}.Release|x86.Build.0 = Release|Any CPU
		{C591BE5E-73D9-4889-B6CC-0E51C4610854}.Debug|Any CPU.ActiveCfg = Debug|Any CPU
		{C591BE5E-73D9-4889-B6CC-0E51C4610854}.Debug|Any CPU.Build.0 = Debug|Any CPU
		{C591BE5E-73D9-4889-B6CC-0E51C4610854}.Debug|x64.ActiveCfg = Debug|Any CPU
		{C591BE5E-73D9-4889-B6CC-0E51C4610854}.Debug|x64.Build.0 = Debug|Any CPU
		{C591BE5E-73D9-4889-B6CC-0E51C4610854}.Debug|x86.ActiveCfg = Debug|Any CPU
		{C591BE5E-73D9-4889-B6CC-0E51C4610854}.Debug|x86.Build.0 = Debug|Any CPU
		{C591BE5E-73D9-4889-B6CC-0E51C4610854}.Release|Any CPU.ActiveCfg = Release|Any CPU
		{C591BE5E-73D9-4889-B6CC-0E51C4610854}.Release|Any CPU.Build.0 = Release|Any CPU
		{C591BE5E-73D9-4889-B6CC-0E51C4610854}.Release|x64.ActiveCfg = Release|Any CPU
		{C591BE5E-73D9-4889-B6CC-0E51C4610854}.Release|x64.Build.0 = Release|Any CPU
		{C591BE5E-73D9-4889-B6CC-0E51C4610854}.Release|x86.ActiveCfg = Release|Any CPU
		{C591BE5E-73D9-4889-B6CC-0E51C4610854}.Release|x86.Build.0 = Release|Any CPU
		{CBD5C0E5-1E9B-4F17-A568-808A9ABE54E8}.Debug|Any CPU.ActiveCfg = Debug|Any CPU
		{CBD5C0E5-1E9B-4F17-A568-808A9ABE54E8}.Debug|Any CPU.Build.0 = Debug|Any CPU
		{CBD5C0E5-1E9B-4F17-A568-808A9ABE54E8}.Debug|x64.ActiveCfg = Debug|Any CPU
		{CBD5C0E5-1E9B-4F17-A568-808A9ABE54E8}.Debug|x64.Build.0 = Debug|Any CPU
		{CBD5C0E5-1E9B-4F17-A568-808A9ABE54E8}.Debug|x86.ActiveCfg = Debug|Any CPU
		{CBD5C0E5-1E9B-4F17-A568-808A9ABE54E8}.Debug|x86.Build.0 = Debug|Any CPU
		{CBD5C0E5-1E9B-4F17-A568-808A9ABE54E8}.Release|Any CPU.ActiveCfg = Release|Any CPU
		{CBD5C0E5-1E9B-4F17-A568-808A9ABE54E8}.Release|Any CPU.Build.0 = Release|Any CPU
		{CBD5C0E5-1E9B-4F17-A568-808A9ABE54E8}.Release|x64.ActiveCfg = Release|Any CPU
		{CBD5C0E5-1E9B-4F17-A568-808A9ABE54E8}.Release|x64.Build.0 = Release|Any CPU
		{CBD5C0E5-1E9B-4F17-A568-808A9ABE54E8}.Release|x86.ActiveCfg = Release|Any CPU
		{CBD5C0E5-1E9B-4F17-A568-808A9ABE54E8}.Release|x86.Build.0 = Release|Any CPU
		{9AE4682C-FDD6-42E9-AB49-AA87DD21B2F5}.Debug|Any CPU.ActiveCfg = Debug|Any CPU
		{9AE4682C-FDD6-42E9-AB49-AA87DD21B2F5}.Debug|Any CPU.Build.0 = Debug|Any CPU
		{9AE4682C-FDD6-42E9-AB49-AA87DD21B2F5}.Debug|x64.ActiveCfg = Debug|Any CPU
		{9AE4682C-FDD6-42E9-AB49-AA87DD21B2F5}.Debug|x64.Build.0 = Debug|Any CPU
		{9AE4682C-FDD6-42E9-AB49-AA87DD21B2F5}.Debug|x86.ActiveCfg = Debug|Any CPU
		{9AE4682C-FDD6-42E9-AB49-AA87DD21B2F5}.Debug|x86.Build.0 = Debug|Any CPU
		{9AE4682C-FDD6-42E9-AB49-AA87DD21B2F5}.Release|Any CPU.ActiveCfg = Release|Any CPU
		{9AE4682C-FDD6-42E9-AB49-AA87DD21B2F5}.Release|Any CPU.Build.0 = Release|Any CPU
		{9AE4682C-FDD6-42E9-AB49-AA87DD21B2F5}.Release|x64.ActiveCfg = Release|Any CPU
		{9AE4682C-FDD6-42E9-AB49-AA87DD21B2F5}.Release|x64.Build.0 = Release|Any CPU
		{9AE4682C-FDD6-42E9-AB49-AA87DD21B2F5}.Release|x86.ActiveCfg = Release|Any CPU
		{9AE4682C-FDD6-42E9-AB49-AA87DD21B2F5}.Release|x86.Build.0 = Release|Any CPU
		{7C5503A6-7F9A-4F96-8F58-3F8B9A2C2B9C}.Debug|Any CPU.ActiveCfg = Debug|Any CPU
		{7C5503A6-7F9A-4F96-8F58-3F8B9A2C2B9C}.Debug|Any CPU.Build.0 = Debug|Any CPU
		{7C5503A6-7F9A-4F96-8F58-3F8B9A2C2B9C}.Debug|x64.ActiveCfg = Debug|Any CPU
		{7C5503A6-7F9A-4F96-8F58-3F8B9A2C2B9C}.Debug|x64.Build.0 = Debug|Any CPU
		{7C5503A6-7F9A-4F96-8F58-3F8B9A2C2B9C}.Debug|x86.ActiveCfg = Debug|Any CPU
		{7C5503A6-7F9A-4F96-8F58-3F8B9A2C2B9C}.Debug|x86.Build.0 = Debug|Any CPU
		{7C5503A6-7F9A-4F96-8F58-3F8B9A2C2B9C}.Release|Any CPU.ActiveCfg = Release|Any CPU
		{7C5503A6-7F9A-4F96-8F58-3F8B9A2C2B9C}.Release|Any CPU.Build.0 = Release|Any CPU
		{7C5503A6-7F9A-4F96-8F58-3F8B9A2C2B9C}.Release|x64.ActiveCfg = Release|Any CPU
		{7C5503A6-7F9A-4F96-8F58-3F8B9A2C2B9C}.Release|x64.Build.0 = Release|Any CPU
		{7C5503A6-7F9A-4F96-8F58-3F8B9A2C2B9C}.Release|x86.ActiveCfg = Release|Any CPU
		{7C5503A6-7F9A-4F96-8F58-3F8B9A2C2B9C}.Release|x86.Build.0 = Release|Any CPU
	EndGlobalSection
	GlobalSection(SolutionProperties) = preSolution
		HideSolutionNode = FALSE
	EndGlobalSection
	GlobalSection(NestedProjects) = preSolution
		{0060BA96-2330-469D-B76E-8D6AE5DBE609} = {BC741A71-537D-4C6E-8A36-00F6B6DC9DEF}
		{89CB8ACA-99D2-44A7-A22A-610DC2986C53} = {BC741A71-537D-4C6E-8A36-00F6B6DC9DEF}
		{94F6E1A6-EF77-4DCE-BD80-685F0EA2A531} = {BC741A71-537D-4C6E-8A36-00F6B6DC9DEF}
		{9697BE28-657F-4E8E-B75A-EB7558A86562} = {317DE7D7-A7DF-4AC8-93C4-61D4D22B06DC}
		{8968F703-4394-42FA-9D60-20656B6206E8} = {317DE7D7-A7DF-4AC8-93C4-61D4D22B06DC}
		{C591BE5E-73D9-4889-B6CC-0E51C4610854} = {66320409-64EC-F7C5-3DEF-65E7510DAAD1}
		{CBD5C0E5-1E9B-4F17-A568-808A9ABE54E8} = {5D20AA90-6969-D8BD-9DCD-8634F4692FDA}
		{9AE4682C-FDD6-42E9-AB49-AA87DD21B2F5} = {BC741A71-537D-4C6E-8A36-00F6B6DC9DEF}
        {7C5503A6-7F9A-4F96-8F58-3F8B9A2C2B9C} = {BC741A71-537D-4C6E-8A36-00F6B6DC9DEF}
	EndGlobalSection
EndGlobal
